
Microsoft Visual Studio Solution File, Format Version 12.00
# Visual Studio 2012
Project("{FAE04EC0-301F-11D3-BF4B-00C04F79EFBC}") = "XamarinRatingExample.Droid", "XamarinRatingExample.Droid\XamarinRatingExample.Droid.csproj", "{276039FA-69B5-4AD2-9B7E-083976707C61}"
EndProject
Project("{FAE04EC0-301F-11D3-BF4B-00C04F79EFBC}") = "XamarinRatingExample.Droid.UITests", "XamarinRatingExample.Droid.UITests\XamarinRatingExample.Droid.UITests.csproj", "{D6534726-2518-485D-B71E-BEECB0A177DD}"
EndProject
Global
	GlobalSection(SolutionConfigurationPlatforms) = preSolution
		Debug|Any CPU = Debug|Any CPU
		Release|Any CPU = Release|Any CPU
	EndGlobalSection
	GlobalSection(ProjectConfigurationPlatforms) = postSolution
		{276039FA-69B5-4AD2-9B7E-083976707C61}.Debug|Any CPU.ActiveCfg = Debug|Any CPU
		{276039FA-69B5-4AD2-9B7E-083976707C61}.Debug|Any CPU.Build.0 = Debug|Any CPU
		{276039FA-69B5-4AD2-9B7E-083976707C61}.Release|Any CPU.ActiveCfg = Release|Any CPU
		{276039FA-69B5-4AD2-9B7E-083976707C61}.Release|Any CPU.Build.0 = Release|Any CPU
		{D6534726-2518-485D-B71E-BEECB0A177DD}.Debug|Any CPU.ActiveCfg = Debug|Any CPU
		{D6534726-2518-485D-B71E-BEECB0A177DD}.Debug|Any CPU.Build.0 = Debug|Any CPU
		{D6534726-2518-485D-B71E-BEECB0A177DD}.Release|Any CPU.ActiveCfg = Release|Any CPU
		{D6534726-2518-485D-B71E-BEECB0A177DD}.Release|Any CPU.Build.0 = Release|Any CPU
	EndGlobalSection
EndGlobal
